{
  "name": "meizu-shop",
  "version": "1.0.0",
  "lockfileVersion": 1,
  "requires": true,
  "dependencies": {
    "bootstrap": {
      "version": "3.4.1",
      "resolved": "https://registry.npm.taobao.org/bootstrap/download/bootstrap-3.4.1.tgz?cache=0&sync_timestamp=1596731600805&other_urls=https%3A%2F%2Fregistry.npm.taobao.org%2Fbootstrap%2Fdownload%2Fbootstrap-3.4.1.tgz",
      "integrity": "sha1-w6NH1Bniia0R9AM+PEEyuHwIHXI="
    },
    "jquery": {
      "version": "3.2.1",
      "resolved": "https://registry.npm.taobao.org/jquery/download/jquery-3.2.1.tgz?cache=0&sync_timestamp=1588633260500&other_urls=https%3A%2F%2Fregistry.npm.taobao.org%2Fjquery%2Fdownload%2Fjquery-3.2.1.tgz",
      "integrity": "sha1-XE2d5lKvbNCncBVKYxu6ErAVx4c="
    }
  }
}
